PODS:
  - Capacitor (6.2.0):
    - CapacitorCordova
  - CapacitorApp (6.0.2):
    - Capacitor
  - CapacitorCordova (6.2.0)
  - CapacitorKeyboard (6.0.3):
    - Capacitor
  - CapacitorLocalNotifications (6.1.1):
    - Capacitor
  - CapacitorOnebotConnctor (0.0.1):
    - Capacitor
  - CapacitorStatusBar (6.0.2):
    - Capacitor
  - HugotomaziCapacitorNavigationBar (4.0.1):
    - Capacitor
  - UntinyCapacitorSafeArea (1.0.3):
    - Capacitor

DEPENDENCIES:
  - "Capacitor (from `../../../../node_modules/@capacitor/ios`)"
  - "CapacitorApp (from `../../../../node_modules/@capacitor/app`)"
  - "CapacitorCordova (from `../../../../node_modules/@capacitor/ios`)"
  - "CapacitorKeyboard (from `../../../../node_modules/@capacitor/keyboard`)"
  - "CapacitorLocalNotifications (from `../../../../node_modules/@capacitor/local-notifications`)"
  - CapacitorOnebotConnctor (from `../../../../node_modules/capacitor-onebot-connctor`)
  - "CapacitorStatusBar (from `../../../../node_modules/@capacitor/status-bar`)"
  - "HugotomaziCapacitorNavigationBar (from `../../../../node_modules/@hugotomazi/capacitor-navigation-bar`)"
  - "UntinyCapacitorSafeArea (from `../../../../node_modules/@untiny/capacitor-safe-area`)"

EXTERNAL SOURCES:
  Capacitor:
    :path: "../../../../node_modules/@capacitor/ios"
  CapacitorApp:
    :path: "../../../../node_modules/@capacitor/app"
  CapacitorCordova:
    :path: "../../../../node_modules/@capacitor/ios"
  CapacitorKeyboard:
    :path: "../../../../node_modules/@capacitor/keyboard"
  CapacitorLocalNotifications:
    :path: "../../../../node_modules/@capacitor/local-notifications"
  CapacitorOnebotConnctor:
    :path: "../../../../node_modules/capacitor-onebot-connctor"
  CapacitorStatusBar:
    :path: "../../../../node_modules/@capacitor/status-bar"
  HugotomaziCapacitorNavigationBar:
    :path: "../../../../node_modules/@hugotomazi/capacitor-navigation-bar"
  UntinyCapacitorSafeArea:
    :path: "../../../../node_modules/@untiny/capacitor-safe-area"

SPEC CHECKSUMS:
  Capacitor: 05d35014f4425b0740fc8776481f6a369ad071bf
  CapacitorApp: e1e6b7d05e444d593ca16fd6d76f2b7c48b5aea7
  CapacitorCordova: b33e7f4aa4ed105dd43283acdd940964374a87d9
  CapacitorKeyboard: e89189ad398b815b6ff7e52271f0fb4f911a0a0a
  CapacitorLocalNotifications: cd2aca61d90f278562f3afe921964232046911b8
  CapacitorOnebotConnctor: 6f9f82cae00c8fe1f1838456d079802613d5732b
  CapacitorStatusBar: b16799a26320ffa52f6c8b01737d5a95bbb8f3eb
  HugotomaziCapacitorNavigationBar: d56bded81461cc38cd071727126e7298002ff2b5
  UntinyCapacitorSafeArea: bbfa1040710d042e8da47a45f3105f2364ac8681

PODFILE CHECKSUM: c65146071ed43150d5e23368cffe06dd48ed84df

COCOAPODS: 1.16.2
